
Microsoft Visual Studio Solution File, Format Version 12.00
# Visual Studio Version 16
VisualStudioVersion = 16.0.29418.71
MinimumVisualStudioVersion = 10.0.40219.1
Project("{FAE04EC0-301F-11D3-BF4B-00C04F79EFBC}") = "A2_Q3", "A2_Q3\A2_Q3.csproj", "{269BD0D6-157F-4835-9220-706AA355F506}"
EndProject
Global
	GlobalSection(SolutionConfigurationPlatforms) = preSolution
		Debug|Any CPU = Debug|Any CPU
		Release|Any CPU = Release|Any CPU
	EndGlobalSection
	GlobalSection(ProjectConfigurationPlatforms) = postSolution
		{269BD0D6-157F-4835-9220-706AA355F506}.Debug|Any CPU.ActiveCfg = Debug|Any CPU
		{269BD0D6-157F-4835-9220-706AA355F506}.Debug|Any CPU.Build.0 = Debug|Any CPU
		{269BD0D6-157F-4835-9220-706AA355F506}.Release|Any CPU.ActiveCfg = Release|Any CPU
		{269BD0D6-157F-4835-9220-706AA355F506}.Release|Any CPU.Build.0 = Release|Any CPU
	EndGlobalSection
	GlobalSection(SolutionProperties) = preSolution
		HideSolutionNode = FALSE
	EndGlobalSection
	GlobalSection(ExtensibilityGlobals) = postSolution
		SolutionGuid = {3301B269-2690-45D6-9357-867D7D0C97B5}
	EndGlobalSection
EndGlobal
